{
  "name": "protocol",
  "version": "1.0.0",
  "lockfileVersion": 2,
  "requires": true,
  "packages": {
    "": {
      "name": "protocol",
      "version": "1.0.0",
      "license": "ISC",
      "dependencies": {
        "jsbinaryutils": "^1.0.9"
      }
    },
    "node_modules/jsbinaryutils": {
      "version": "1.0.9",
      "resolved": "https://registry.npmjs.org/jsbinaryutils/-/jsbinaryutils-1.0.9.tgz",
      "integrity": "sha512-446sNFTm7m9OPLK2P7CpeN3Yy2zJ7gxZob+pJsuwp4syEqdYdISLrD0NeqC9oWsk3iXT6G4VFHGvbjQ9wnk/Yw==",
      "deprecated": "Package no longer supported. Contact Support at https://www.npmjs.com/support for more info."
    }
  },
  "dependencies": {
    "jsbinaryutils": {
      "version": "1.0.9",
      "resolved": "https://registry.npmjs.org/jsbinaryutils/-/jsbinaryutils-1.0.9.tgz",
      "integrity": "sha512-446sNFTm7m9OPLK2P7CpeN3Yy2zJ7gxZob+pJsuwp4syEqdYdISLrD0NeqC9oWsk3iXT6G4VFHGvbjQ9wnk/Yw=="
    }
  }
}
